
Microsoft Visual Studio Solution File, Format Version 12.00
# Visual Studio Version 16
VisualStudioVersion = 16.0.29509.3
MinimumVisualStudioVersion = 10.0.40219.1
Project("{FAE04EC0-301F-11D3-BF4B-00C04F79EFBC}") = "CKTPortal", "CKTPortal\CKTPortal.csproj", "{8359F189-C263-46FC-AF4F-E3B6870D81F6}"
EndProject
Global
	GlobalSection(SolutionConfigurationPlatforms) = preSolution
		Debug|Any CPU = Debug|Any CPU
		Release|Any CPU = Release|Any CPU
	EndGlobalSection
	GlobalSection(ProjectConfigurationPlatforms) = postSolution
		{8359F189-C263-46FC-AF4F-E3B6870D81F6}.Debug|Any CPU.ActiveCfg = Debug|Any CPU
		{8359F189-C263-46FC-AF4F-E3B6870D81F6}.Debug|Any CPU.Build.0 = Debug|Any CPU
		{8359F189-C263-46FC-AF4F-E3B6870D81F6}.Release|Any CPU.ActiveCfg = Release|Any CPU
		{8359F189-C263-46FC-AF4F-E3B6870D81F6}.Release|Any CPU.Build.0 = Release|Any CPU
	EndGlobalSection
	GlobalSection(SolutionProperties) = preSolution
		HideSolutionNode = FALSE
	EndGlobalSection
	GlobalSection(ExtensibilityGlobals) = postSolution
		SolutionGuid = {A31BCE1E-CB60-4D80-A891-8B797E642F23}
	EndGlobalSection
EndGlobal
